
Microsoft Visual Studio Solution File, Format Version 12.00
# Visual Studio Version 16
VisualStudioVersion = 16.0.29721.120
MinimumVisualStudioVersion = 10.0.40219.1
Project("{9A19103F-16F7-4668-BE54-9A1E7A4F7556}") = "ESW.Extensions", "ESW.Extensions\ESW.Extensions.csproj", "{A29B07AA-4982-48CF-BC10-415B34ADE66F}"
EndProject
Project("{9A19103F-16F7-4668-BE54-9A1E7A4F7556}") = "ESW.Extensions.Drawing", "ESW.Extensions\Drawing\ESW.Extensions.Drawing.csproj", "{35530BFF-4568-4BC3-8866-CBC740D6F851}"
EndProject
Global
	GlobalSection(SolutionConfigurationPlatforms) = preSolution
		Debug|Any CPU = Debug|Any CPU
		Release|Any CPU = Release|Any CPU
	EndGlobalSection
	GlobalSection(ProjectConfigurationPlatforms) = postSolution
		{A29B07AA-4982-48CF-BC10-415B34ADE66F}.Debug|Any CPU.ActiveCfg = Debug|Any CPU
		{A29B07AA-4982-48CF-BC10-415B34ADE66F}.Debug|Any CPU.Build.0 = Debug|Any CPU
		{A29B07AA-4982-48CF-BC10-415B34ADE66F}.Release|Any CPU.ActiveCfg = Release|Any CPU
		{A29B07AA-4982-48CF-BC10-415B34ADE66F}.Release|Any CPU.Build.0 = Release|Any CPU
		{35530BFF-4568-4BC3-8866-CBC740D6F851}.Debug|Any CPU.ActiveCfg = Debug|Any CPU
		{35530BFF-4568-4BC3-8866-CBC740D6F851}.Debug|Any CPU.Build.0 = Debug|Any CPU
		{35530BFF-4568-4BC3-8866-CBC740D6F851}.Release|Any CPU.ActiveCfg = Release|Any CPU
		{35530BFF-4568-4BC3-8866-CBC740D6F851}.Release|Any CPU.Build.0 = Release|Any CPU
	EndGlobalSection
	GlobalSection(SolutionProperties) = preSolution
		HideSolutionNode = FALSE
	EndGlobalSection
	GlobalSection(ExtensibilityGlobals) = postSolution
		SolutionGuid = {FAF97CCA-2F54-4763-8F62-41D04A449FED}
	EndGlobalSection
EndGlobal
